
Microsoft Visual Studio Solution File, Format Version 12.00
# Visual Studio Version 17
VisualStudioVersion = 17.9.34622.214
MinimumVisualStudioVersion = 10.0.40219.1
Project("{FAE04EC0-301F-11D3-BF4B-00C04F79EFBC}") = "ExamenDAWII.Android", "ExamenDAWII\ExamenDAWII.Android\ExamenDAWII.Android.csproj", "{DDA7F07F-2F0F-4706-91F1-CA8FC0041B14}"
EndProject
Project("{FAE04EC0-301F-11D3-BF4B-00C04F79EFBC}") = "ExamenDAWII", "ExamenDAWII\ExamenDAWII\ExamenDAWII.csproj", "{BDDC88EC-D5A7-44A5-9A6A-B98479FB844E}"
EndProject
Global
	GlobalSection(SolutionConfigurationPlatforms) = preSolution
		Debug|Any CPU = Debug|Any CPU
		Release|Any CPU = Release|Any CPU
	EndGlobalSection
	GlobalSection(ProjectConfigurationPlatforms) = postSolution
		{DDA7F07F-2F0F-4706-91F1-CA8FC0041B14}.Debug|Any CPU.ActiveCfg = Debug|Any CPU
		{DDA7F07F-2F0F-4706-91F1-CA8FC0041B14}.Debug|Any CPU.Build.0 = Debug|Any CPU
		{DDA7F07F-2F0F-4706-91F1-CA8FC0041B14}.Debug|Any CPU.Deploy.0 = Debug|Any CPU
		{DDA7F07F-2F0F-4706-91F1-CA8FC0041B14}.Release|Any CPU.ActiveCfg = Release|Any CPU
		{DDA7F07F-2F0F-4706-91F1-CA8FC0041B14}.Release|Any CPU.Build.0 = Release|Any CPU
		{DDA7F07F-2F0F-4706-91F1-CA8FC0041B14}.Release|Any CPU.Deploy.0 = Release|Any CPU
		{BDDC88EC-D5A7-44A5-9A6A-B98479FB844E}.Debug|Any CPU.ActiveCfg = Debug|Any CPU
		{BDDC88EC-D5A7-44A5-9A6A-B98479FB844E}.Debug|Any CPU.Build.0 = Debug|Any CPU
		{BDDC88EC-D5A7-44A5-9A6A-B98479FB844E}.Debug|Any CPU.Deploy.0 = Debug|Any CPU
		{BDDC88EC-D5A7-44A5-9A6A-B98479FB844E}.Release|Any CPU.ActiveCfg = Release|Any CPU
		{BDDC88EC-D5A7-44A5-9A6A-B98479FB844E}.Release|Any CPU.Build.0 = Release|Any CPU
		{BDDC88EC-D5A7-44A5-9A6A-B98479FB844E}.Release|Any CPU.Deploy.0 = Release|Any CPU
	EndGlobalSection
	GlobalSection(SolutionProperties) = preSolution
		HideSolutionNode = FALSE
	EndGlobalSection
	GlobalSection(ExtensibilityGlobals) = postSolution
		SolutionGuid = {23224709-235A-41A8-8ED2-C5FEBAEDEAE7}
	EndGlobalSection
EndGlobal
